<Solution>
  <Folder Name="/doc/" />
  <Folder Name="/src/">
    <Project Path="src/BlaisePascal.ExerciseEFP.Console1/BlaisePascal.ExerciseEFP.Console1.csproj" Id="baf1eee3-5ec3-4925-a4ca-cb7b3513bc1c" />
    <Project Path="src/BlaisePascal.ExerciseEFP.Domain/BlaisePascal.ExerciseEFP.Domain.csproj" />
  </Folder>
  <Folder Name="/test/">
    <Project Path="test/BlaisePascal.ExerciseEFPTest/BlaisePascal.ExerciseEFPTest.csproj" />
  </Folder>
</Solution>
